
Microsoft Visual Studio Solution File, Format Version 12.00
# Visual Studio Version 17
VisualStudioVersion = 17.0.31903.59
MinimumVisualStudioVersion = 10.0.40219.1
Project("{FAE04EC0-301F-11D3-BF4B-00C04F79EFBC}") = "Day01", "Day01\Day01.csproj", "{8BA34B05-8EDC-4A64-9B19-D55513C817FB}"
EndProject
Project("{FAE04EC0-301F-11D3-BF4B-00C04F79EFBC}") = "Day02", "Day02\Day02.csproj", "{30165A7A-6ADF-4A73-BBBE-8AB703128F0E}"
EndProject
Project("{FAE04EC0-301F-11D3-BF4B-00C04F79EFBC}") = "Utils", "Utils\Utils.csproj", "{C51F089D-D7C0-4378-80ED-055C15AE96D8}"
EndProject
Project("{FAE04EC0-301F-11D3-BF4B-00C04F79EFBC}") = "Day03", "Day03\Day03.csproj", "{BFC8E711-7906-4E4B-B797-8537AAA090E3}"
EndProject
Project("{FAE04EC0-301F-11D3-BF4B-00C04F79EFBC}") = "Day04", "Day04\Day04.csproj", "{721191FD-AE98-4DD4-BE90-BFCBE7FAD2A5}"
EndProject
Project("{FAE04EC0-301F-11D3-BF4B-00C04F79EFBC}") = "Day05", "Day05\Day05.csproj", "{8C9E1075-50F4-44AA-919F-6E950D50E560}"
EndProject
Project("{FAE04EC0-301F-11D3-BF4B-00C04F79EFBC}") = "Day06", "Day06\Day06.csproj", "{FFB5D8F8-0FD2-4739-83CB-CBBEBF4957D8}"
EndProject
Project("{FAE04EC0-301F-11D3-BF4B-00C04F79EFBC}") = "Day07", "Day07\Day07.csproj", "{39CE740D-48C8-4769-B44A-AA699EEE9264}"
EndProject
Global
	GlobalSection(SolutionConfigurationPlatforms) = preSolution
		Debug|Any CPU = Debug|Any CPU
		Release|Any CPU = Release|Any CPU
	EndGlobalSection
	GlobalSection(SolutionProperties) = preSolution
		HideSolutionNode = FALSE
	EndGlobalSection
	GlobalSection(ProjectConfigurationPlatforms) = postSolution
		{8BA34B05-8EDC-4A64-9B19-D55513C817FB}.Debug|Any CPU.ActiveCfg = Debug|Any CPU
		{8BA34B05-8EDC-4A64-9B19-D55513C817FB}.Debug|Any CPU.Build.0 = Debug|Any CPU
		{8BA34B05-8EDC-4A64-9B19-D55513C817FB}.Release|Any CPU.ActiveCfg = Release|Any CPU
		{8BA34B05-8EDC-4A64-9B19-D55513C817FB}.Release|Any CPU.Build.0 = Release|Any CPU
		{30165A7A-6ADF-4A73-BBBE-8AB703128F0E}.Debug|Any CPU.ActiveCfg = Debug|Any CPU
		{30165A7A-6ADF-4A73-BBBE-8AB703128F0E}.Debug|Any CPU.Build.0 = Debug|Any CPU
		{30165A7A-6ADF-4A73-BBBE-8AB703128F0E}.Release|Any CPU.ActiveCfg = Release|Any CPU
		{30165A7A-6ADF-4A73-BBBE-8AB703128F0E}.Release|Any CPU.Build.0 = Release|Any CPU
		{C51F089D-D7C0-4378-80ED-055C15AE96D8}.Debug|Any CPU.ActiveCfg = Debug|Any CPU
		{C51F089D-D7C0-4378-80ED-055C15AE96D8}.Debug|Any CPU.Build.0 = Debug|Any CPU
		{C51F089D-D7C0-4378-80ED-055C15AE96D8}.Release|Any CPU.ActiveCfg = Release|Any CPU
		{C51F089D-D7C0-4378-80ED-055C15AE96D8}.Release|Any CPU.Build.0 = Release|Any CPU
		{BFC8E711-7906-4E4B-B797-8537AAA090E3}.Debug|Any CPU.ActiveCfg = Debug|Any CPU
		{BFC8E711-7906-4E4B-B797-8537AAA090E3}.Debug|Any CPU.Build.0 = Debug|Any CPU
		{BFC8E711-7906-4E4B-B797-8537AAA090E3}.Release|Any CPU.ActiveCfg = Release|Any CPU
		{BFC8E711-7906-4E4B-B797-8537AAA090E3}.Release|Any CPU.Build.0 = Release|Any CPU
		{721191FD-AE98-4DD4-BE90-BFCBE7FAD2A5}.Debug|Any CPU.ActiveCfg = Debug|Any CPU
		{721191FD-AE98-4DD4-BE90-BFCBE7FAD2A5}.Debug|Any CPU.Build.0 = Debug|Any CPU
		{721191FD-AE98-4DD4-BE90-BFCBE7FAD2A5}.Release|Any CPU.ActiveCfg = Release|Any CPU
		{721191FD-AE98-4DD4-BE90-BFCBE7FAD2A5}.Release|Any CPU.Build.0 = Release|Any CPU
		{8C9E1075-50F4-44AA-919F-6E950D50E560}.Debug|Any CPU.ActiveCfg = Debug|Any CPU
		{8C9E1075-50F4-44AA-919F-6E950D50E560}.Debug|Any CPU.Build.0 = Debug|Any CPU
		{8C9E1075-50F4-44AA-919F-6E950D50E560}.Release|Any CPU.ActiveCfg = Release|Any CPU
		{8C9E1075-50F4-44AA-919F-6E950D50E560}.Release|Any CPU.Build.0 = Release|Any CPU
		{FFB5D8F8-0FD2-4739-83CB-CBBEBF4957D8}.Debug|Any CPU.ActiveCfg = Debug|Any CPU
		{FFB5D8F8-0FD2-4739-83CB-CBBEBF4957D8}.Debug|Any CPU.Build.0 = Debug|Any CPU
		{FFB5D8F8-0FD2-4739-83CB-CBBEBF4957D8}.Release|Any CPU.ActiveCfg = Release|Any CPU
		{FFB5D8F8-0FD2-4739-83CB-CBBEBF4957D8}.Release|Any CPU.Build.0 = Release|Any CPU
		{39CE740D-48C8-4769-B44A-AA699EEE9264}.Debug|Any CPU.ActiveCfg = Debug|Any CPU
		{39CE740D-48C8-4769-B44A-AA699EEE9264}.Debug|Any CPU.Build.0 = Debug|Any CPU
		{39CE740D-48C8-4769-B44A-AA699EEE9264}.Release|Any CPU.ActiveCfg = Release|Any CPU
		{39CE740D-48C8-4769-B44A-AA699EEE9264}.Release|Any CPU.Build.0 = Release|Any CPU
	EndGlobalSection
EndGlobal
