
Microsoft Visual Studio Solution File, Format Version 12.00
# Visual Studio Version 17
VisualStudioVersion = 17.0.31903.59
MinimumVisualStudioVersion = 10.0.40219.1
Project("{FAE04EC0-301F-11D3-BF4B-00C04F79EFBC}") = "Day01", "Day01\Day01.csproj", "{8BA34B05-8EDC-4A64-9B19-D55513C817FB}"
EndProject
Project("{FAE04EC0-301F-11D3-BF4B-00C04F79EFBC}") = "Day02", "Day02\Day02.csproj", "{30165A7A-6ADF-4A73-BBBE-8AB703128F0E}"
EndProject
Project("{FAE04EC0-301F-11D3-BF4B-00C04F79EFBC}") = "Utils", "Utils\Utils.csproj", "{C51F089D-D7C0-4378-80ED-055C15AE96D8}"
EndProject
Project("{FAE04EC0-301F-11D3-BF4B-00C04F79EFBC}") = "Day03", "Day03\Day03.csproj", "{BFC8E711-7906-4E4B-B797-8537AAA090E3}"
EndProject
Project("{FAE04EC0-301F-11D3-BF4B-00C04F79EFBC}") = "Day04", "Day04\Day04.csproj", "{721191FD-AE98-4DD4-BE90-BFCBE7FAD2A5}"
EndProject
Project("{FAE04EC0-301F-11D3-BF4B-00C04F79EFBC}") = "Day05", "Day05\Day05.csproj", "{8C9E1075-50F4-44AA-919F-6E950D50E560}"
EndProject
Project("{FAE04EC0-301F-11D3-BF4B-00C04F79EFBC}") = "Day06", "Day06\Day06.csproj", "{FFB5D8F8-0FD2-4739-83CB-CBBEBF4957D8}"
EndProject
Project("{FAE04EC0-301F-11D3-BF4B-00C04F79EFBC}") = "Day07", "Day07\Day07.csproj", "{39CE740D-48C8-4769-B44A-AA699EEE9264}"
EndProject
Project("{FAE04EC0-301F-11D3-BF4B-00C04F79EFBC}") = "Day08", "Day08\Day08.csproj", "{8977FE6D-CF73-4403-B026-5D21826C2691}"
EndProject
Project("{FAE04EC0-301F-11D3-BF4B-00C04F79EFBC}") = "Day09", "Day09\Day09.csproj", "{063CC6C4-5E8C-405A-AEE5-E98B86902F83}"
EndProject
Project("{FAE04EC0-301F-11D3-BF4B-00C04F79EFBC}") = "Day10", "Day10\Day10.csproj", "{DDC04097-1C4D-48EC-B983-CC22AB30549C}"
EndProject
Project("{FAE04EC0-301F-11D3-BF4B-00C04F79EFBC}") = "Day11", "Day11\Day11.csproj", "{39E794B0-C3A8-4812-9CD2-CC98FFD5E6C2}"
EndProject
Project("{FAE04EC0-301F-11D3-BF4B-00C04F79EFBC}") = "Day12", "Day12\Day12.csproj", "{B66BD2CB-A7EF-41C6-B1E5-ED6B9FFA550B}"
EndProject
Project("{FAE04EC0-301F-11D3-BF4B-00C04F79EFBC}") = "Day13", "Day13\Day13.csproj", "{50E16004-89B5-4351-A93F-94C0E82E8F96}"
EndProject
Project("{FAE04EC0-301F-11D3-BF4B-00C04F79EFBC}") = "CLI", "CLI\CLI.csproj", "{8186A3EA-FEF3-425D-99A5-2DC82C55A2D5}"
EndProject
Project("{FAE04EC0-301F-11D3-BF4B-00C04F79EFBC}") = "Day14", "Day14\Day14.csproj", "{0E93B6F7-FDD7-42EA-850E-DD6E0A8FFFAC}"
EndProject
Project("{FAE04EC0-301F-11D3-BF4B-00C04F79EFBC}") = "Day15", "Day15\Day15.csproj", "{61E9CB9A-97CE-4522-AA41-D58FE34AF90A}"
EndProject
Project("{FAE04EC0-301F-11D3-BF4B-00C04F79EFBC}") = "Day16", "Day16\Day16.csproj", "{0D6F32A7-2E45-4BCC-B895-5089897BB8D1}"
EndProject
Project("{FAE04EC0-301F-11D3-BF4B-00C04F79EFBC}") = "Day17", "Day17\Day17.csproj", "{92925CC2-9F8B-420E-9AE9-E84000FD93BD}"
EndProject
Project("{FAE04EC0-301F-11D3-BF4B-00C04F79EFBC}") = "Day18", "Day18\Day18.csproj", "{B65E62C4-C36C-4048-818E-CFDD7D3CE993}"
EndProject
Project("{FAE04EC0-301F-11D3-BF4B-00C04F79EFBC}") = "Day19", "Day19\Day19.csproj", "{7C17C76C-EFDE-4DFB-8840-CF8B39D155C5}"
EndProject
Global
	GlobalSection(SolutionConfigurationPlatforms) = preSolution
		Debug|Any CPU = Debug|Any CPU
		Release|Any CPU = Release|Any CPU
	EndGlobalSection
	GlobalSection(SolutionProperties) = preSolution
		HideSolutionNode = FALSE
	EndGlobalSection
	GlobalSection(ProjectConfigurationPlatforms) = postSolution
		{8BA34B05-8EDC-4A64-9B19-D55513C817FB}.Debug|Any CPU.ActiveCfg = Debug|Any CPU
		{8BA34B05-8EDC-4A64-9B19-D55513C817FB}.Debug|Any CPU.Build.0 = Debug|Any CPU
		{8BA34B05-8EDC-4A64-9B19-D55513C817FB}.Release|Any CPU.ActiveCfg = Release|Any CPU
		{8BA34B05-8EDC-4A64-9B19-D55513C817FB}.Release|Any CPU.Build.0 = Release|Any CPU
		{30165A7A-6ADF-4A73-BBBE-8AB703128F0E}.Debug|Any CPU.ActiveCfg = Debug|Any CPU
		{30165A7A-6ADF-4A73-BBBE-8AB703128F0E}.Debug|Any CPU.Build.0 = Debug|Any CPU
		{30165A7A-6ADF-4A73-BBBE-8AB703128F0E}.Release|Any CPU.ActiveCfg = Release|Any CPU
		{30165A7A-6ADF-4A73-BBBE-8AB703128F0E}.Release|Any CPU.Build.0 = Release|Any CPU
		{C51F089D-D7C0-4378-80ED-055C15AE96D8}.Debug|Any CPU.ActiveCfg = Debug|Any CPU
		{C51F089D-D7C0-4378-80ED-055C15AE96D8}.Debug|Any CPU.Build.0 = Debug|Any CPU
		{C51F089D-D7C0-4378-80ED-055C15AE96D8}.Release|Any CPU.ActiveCfg = Release|Any CPU
		{C51F089D-D7C0-4378-80ED-055C15AE96D8}.Release|Any CPU.Build.0 = Release|Any CPU
		{BFC8E711-7906-4E4B-B797-8537AAA090E3}.Debug|Any CPU.ActiveCfg = Debug|Any CPU
		{BFC8E711-7906-4E4B-B797-8537AAA090E3}.Debug|Any CPU.Build.0 = Debug|Any CPU
		{BFC8E711-7906-4E4B-B797-8537AAA090E3}.Release|Any CPU.ActiveCfg = Release|Any CPU
		{BFC8E711-7906-4E4B-B797-8537AAA090E3}.Release|Any CPU.Build.0 = Release|Any CPU
		{721191FD-AE98-4DD4-BE90-BFCBE7FAD2A5}.Debug|Any CPU.ActiveCfg = Debug|Any CPU
		{721191FD-AE98-4DD4-BE90-BFCBE7FAD2A5}.Debug|Any CPU.Build.0 = Debug|Any CPU
		{721191FD-AE98-4DD4-BE90-BFCBE7FAD2A5}.Release|Any CPU.ActiveCfg = Release|Any CPU
		{721191FD-AE98-4DD4-BE90-BFCBE7FAD2A5}.Release|Any CPU.Build.0 = Release|Any CPU
		{8C9E1075-50F4-44AA-919F-6E950D50E560}.Debug|Any CPU.ActiveCfg = Debug|Any CPU
		{8C9E1075-50F4-44AA-919F-6E950D50E560}.Debug|Any CPU.Build.0 = Debug|Any CPU
		{8C9E1075-50F4-44AA-919F-6E950D50E560}.Release|Any CPU.ActiveCfg = Release|Any CPU
		{8C9E1075-50F4-44AA-919F-6E950D50E560}.Release|Any CPU.Build.0 = Release|Any CPU
		{FFB5D8F8-0FD2-4739-83CB-CBBEBF4957D8}.Debug|Any CPU.ActiveCfg = Debug|Any CPU
		{FFB5D8F8-0FD2-4739-83CB-CBBEBF4957D8}.Debug|Any CPU.Build.0 = Debug|Any CPU
		{FFB5D8F8-0FD2-4739-83CB-CBBEBF4957D8}.Release|Any CPU.ActiveCfg = Release|Any CPU
		{FFB5D8F8-0FD2-4739-83CB-CBBEBF4957D8}.Release|Any CPU.Build.0 = Release|Any CPU
		{39CE740D-48C8-4769-B44A-AA699EEE9264}.Debug|Any CPU.ActiveCfg = Debug|Any CPU
		{39CE740D-48C8-4769-B44A-AA699EEE9264}.Debug|Any CPU.Build.0 = Debug|Any CPU
		{39CE740D-48C8-4769-B44A-AA699EEE9264}.Release|Any CPU.ActiveCfg = Release|Any CPU
		{39CE740D-48C8-4769-B44A-AA699EEE9264}.Release|Any CPU.Build.0 = Release|Any CPU
		{8977FE6D-CF73-4403-B026-5D21826C2691}.Debug|Any CPU.ActiveCfg = Debug|Any CPU
		{8977FE6D-CF73-4403-B026-5D21826C2691}.Debug|Any CPU.Build.0 = Debug|Any CPU
		{8977FE6D-CF73-4403-B026-5D21826C2691}.Release|Any CPU.ActiveCfg = Release|Any CPU
		{8977FE6D-CF73-4403-B026-5D21826C2691}.Release|Any CPU.Build.0 = Release|Any CPU
		{063CC6C4-5E8C-405A-AEE5-E98B86902F83}.Debug|Any CPU.ActiveCfg = Debug|Any CPU
		{063CC6C4-5E8C-405A-AEE5-E98B86902F83}.Debug|Any CPU.Build.0 = Debug|Any CPU
		{063CC6C4-5E8C-405A-AEE5-E98B86902F83}.Release|Any CPU.ActiveCfg = Release|Any CPU
		{063CC6C4-5E8C-405A-AEE5-E98B86902F83}.Release|Any CPU.Build.0 = Release|Any CPU
		{DDC04097-1C4D-48EC-B983-CC22AB30549C}.Debug|Any CPU.ActiveCfg = Debug|Any CPU
		{DDC04097-1C4D-48EC-B983-CC22AB30549C}.Debug|Any CPU.Build.0 = Debug|Any CPU
		{DDC04097-1C4D-48EC-B983-CC22AB30549C}.Release|Any CPU.ActiveCfg = Release|Any CPU
		{DDC04097-1C4D-48EC-B983-CC22AB30549C}.Release|Any CPU.Build.0 = Release|Any CPU
		{39E794B0-C3A8-4812-9CD2-CC98FFD5E6C2}.Debug|Any CPU.ActiveCfg = Debug|Any CPU
		{39E794B0-C3A8-4812-9CD2-CC98FFD5E6C2}.Debug|Any CPU.Build.0 = Debug|Any CPU
		{39E794B0-C3A8-4812-9CD2-CC98FFD5E6C2}.Release|Any CPU.ActiveCfg = Release|Any CPU
		{39E794B0-C3A8-4812-9CD2-CC98FFD5E6C2}.Release|Any CPU.Build.0 = Release|Any CPU
		{B66BD2CB-A7EF-41C6-B1E5-ED6B9FFA550B}.Debug|Any CPU.ActiveCfg = Debug|Any CPU
		{B66BD2CB-A7EF-41C6-B1E5-ED6B9FFA550B}.Debug|Any CPU.Build.0 = Debug|Any CPU
		{B66BD2CB-A7EF-41C6-B1E5-ED6B9FFA550B}.Release|Any CPU.ActiveCfg = Release|Any CPU
		{B66BD2CB-A7EF-41C6-B1E5-ED6B9FFA550B}.Release|Any CPU.Build.0 = Release|Any CPU
		{50E16004-89B5-4351-A93F-94C0E82E8F96}.Debug|Any CPU.ActiveCfg = Debug|Any CPU
		{50E16004-89B5-4351-A93F-94C0E82E8F96}.Debug|Any CPU.Build.0 = Debug|Any CPU
		{50E16004-89B5-4351-A93F-94C0E82E8F96}.Release|Any CPU.ActiveCfg = Release|Any CPU
		{50E16004-89B5-4351-A93F-94C0E82E8F96}.Release|Any CPU.Build.0 = Release|Any CPU
		{8186A3EA-FEF3-425D-99A5-2DC82C55A2D5}.Debug|Any CPU.ActiveCfg = Debug|Any CPU
		{8186A3EA-FEF3-425D-99A5-2DC82C55A2D5}.Debug|Any CPU.Build.0 = Debug|Any CPU
		{8186A3EA-FEF3-425D-99A5-2DC82C55A2D5}.Release|Any CPU.ActiveCfg = Release|Any CPU
		{8186A3EA-FEF3-425D-99A5-2DC82C55A2D5}.Release|Any CPU.Build.0 = Release|Any CPU
		{0E93B6F7-FDD7-42EA-850E-DD6E0A8FFFAC}.Debug|Any CPU.ActiveCfg = Debug|Any CPU
		{0E93B6F7-FDD7-42EA-850E-DD6E0A8FFFAC}.Debug|Any CPU.Build.0 = Debug|Any CPU
		{0E93B6F7-FDD7-42EA-850E-DD6E0A8FFFAC}.Release|Any CPU.ActiveCfg = Release|Any CPU
		{0E93B6F7-FDD7-42EA-850E-DD6E0A8FFFAC}.Release|Any CPU.Build.0 = Release|Any CPU
		{61E9CB9A-97CE-4522-AA41-D58FE34AF90A}.Debug|Any CPU.ActiveCfg = Debug|Any CPU
		{61E9CB9A-97CE-4522-AA41-D58FE34AF90A}.Debug|Any CPU.Build.0 = Debug|Any CPU
		{61E9CB9A-97CE-4522-AA41-D58FE34AF90A}.Release|Any CPU.ActiveCfg = Release|Any CPU
		{61E9CB9A-97CE-4522-AA41-D58FE34AF90A}.Release|Any CPU.Build.0 = Release|Any CPU
		{0D6F32A7-2E45-4BCC-B895-5089897BB8D1}.Debug|Any CPU.ActiveCfg = Debug|Any CPU
		{0D6F32A7-2E45-4BCC-B895-5089897BB8D1}.Debug|Any CPU.Build.0 = Debug|Any CPU
		{0D6F32A7-2E45-4BCC-B895-5089897BB8D1}.Release|Any CPU.ActiveCfg = Release|Any CPU
		{0D6F32A7-2E45-4BCC-B895-5089897BB8D1}.Release|Any CPU.Build.0 = Release|Any CPU
		{92925CC2-9F8B-420E-9AE9-E84000FD93BD}.Debug|Any CPU.ActiveCfg = Debug|Any CPU
		{92925CC2-9F8B-420E-9AE9-E84000FD93BD}.Debug|Any CPU.Build.0 = Debug|Any CPU
		{92925CC2-9F8B-420E-9AE9-E84000FD93BD}.Release|Any CPU.ActiveCfg = Release|Any CPU
		{92925CC2-9F8B-420E-9AE9-E84000FD93BD}.Release|Any CPU.Build.0 = Release|Any CPU
		{B65E62C4-C36C-4048-818E-CFDD7D3CE993}.Debug|Any CPU.ActiveCfg = Debug|Any CPU
		{B65E62C4-C36C-4048-818E-CFDD7D3CE993}.Debug|Any CPU.Build.0 = Debug|Any CPU
		{B65E62C4-C36C-4048-818E-CFDD7D3CE993}.Release|Any CPU.ActiveCfg = Release|Any CPU
		{B65E62C4-C36C-4048-818E-CFDD7D3CE993}.Release|Any CPU.Build.0 = Release|Any CPU
		{7C17C76C-EFDE-4DFB-8840-CF8B39D155C5}.Debug|Any CPU.ActiveCfg = Debug|Any CPU
		{7C17C76C-EFDE-4DFB-8840-CF8B39D155C5}.Debug|Any CPU.Build.0 = Debug|Any CPU
		{7C17C76C-EFDE-4DFB-8840-CF8B39D155C5}.Release|Any CPU.ActiveCfg = Release|Any CPU
		{7C17C76C-EFDE-4DFB-8840-CF8B39D155C5}.Release|Any CPU.Build.0 = Release|Any CPU
	EndGlobalSection
EndGlobal
